
Microsoft Visual Studio Solution File, Format Version 12.00
# Visual Studio 14
VisualStudioVersion = 14.0.25420.1
MinimumVisualStudioVersion = 10.0.40219.1
Project("{2150E333-8FDC-42A3-9474-1A3956D46DE8}") = "test", "test", "{04CE3037-5AA8-4625-916E-29BF6544F33D}"
EndProject
Project("{8BB2217D-0F2D-49D1-97BC-3654ED321F3B}") = "AspNetCore.Mvc.CookieTempData", "src\AspNetCore.Mvc.CookieTempData\AspNetCore.Mvc.CookieTempData.xproj", "{27447967-330A-483D-A006-B0C1066C0A65}"
EndProject
Project("{8BB2217D-0F2D-49D1-97BC-3654ED321F3B}") = "AspNetCore.Mvc.CookieTempData.Client", "test\AspNetCore.Mvc.CookieTempData.Client\AspNetCore.Mvc.CookieTempData.Client.xproj", "{23D7D490-EBF9-4E47-A1F6-A537D168D67D}"
EndProject
Project("{2150E333-8FDC-42A3-9474-1A3956D46DE8}") = "Solution Items", "Solution Items", "{51FED1B7-C6B4-46D0-9D3D-67B8B3242281}"
	ProjectSection(SolutionItems) = preProject
		global.json = global.json
	EndProjectSection
EndProject
Global
	GlobalSection(SolutionConfigurationPlatforms) = preSolution
		Debug|Any CPU = Debug|Any CPU
		Release|Any CPU = Release|Any CPU
	EndGlobalSection
	GlobalSection(ProjectConfigurationPlatforms) = postSolution
		{27447967-330A-483D-A006-B0C1066C0A65}.Debug|Any CPU.ActiveCfg = Debug|Any CPU
		{27447967-330A-483D-A006-B0C1066C0A65}.Debug|Any CPU.Build.0 = Debug|Any CPU
		{27447967-330A-483D-A006-B0C1066C0A65}.Release|Any CPU.ActiveCfg = Release|Any CPU
		{27447967-330A-483D-A006-B0C1066C0A65}.Release|Any CPU.Build.0 = Release|Any CPU
		{23D7D490-EBF9-4E47-A1F6-A537D168D67D}.Debug|Any CPU.ActiveCfg = Debug|Any CPU
		{23D7D490-EBF9-4E47-A1F6-A537D168D67D}.Debug|Any CPU.Build.0 = Debug|Any CPU
		{23D7D490-EBF9-4E47-A1F6-A537D168D67D}.Release|Any CPU.ActiveCfg = Release|Any CPU
		{23D7D490-EBF9-4E47-A1F6-A537D168D67D}.Release|Any CPU.Build.0 = Release|Any CPU
	EndGlobalSection
	GlobalSection(SolutionProperties) = preSolution
		HideSolutionNode = FALSE
	EndGlobalSection
	GlobalSection(NestedProjects) = preSolution
		{23D7D490-EBF9-4E47-A1F6-A537D168D67D} = {04CE3037-5AA8-4625-916E-29BF6544F33D}
	EndGlobalSection
EndGlobal
